
Microsoft Visual Studio Solution File, Format Version 12.00
# Visual Studio 15
VisualStudioVersion = 15.0.27004.2006
MinimumVisualStudioVersion = 10.0.40219.1
Project("{9092AA53-FB77-4645-B42D-1CCCA6BD08BD}") = "NodeJuggler", "NodeJuggler\NodeJuggler.njsproj", "{DEB79F1B-4E47-499E-9668-61358FAC203A}"
EndProject
Global
	GlobalSection(SolutionConfigurationPlatforms) = preSolution
		Debug|Any CPU = Debug|Any CPU
		Release|Any CPU = Release|Any CPU
	EndGlobalSection
	GlobalSection(ProjectConfigurationPlatforms) = postSolution
		{DEB79F1B-4E47-499E-9668-61358FAC203A}.Debug|Any CPU.ActiveCfg = Debug|Any CPU
		{DEB79F1B-4E47-499E-9668-61358FAC203A}.Debug|Any CPU.Build.0 = Debug|Any CPU
		{DEB79F1B-4E47-499E-9668-61358FAC203A}.Release|Any CPU.ActiveCfg = Release|Any CPU
		{DEB79F1B-4E47-499E-9668-61358FAC203A}.Release|Any CPU.Build.0 = Release|Any CPU
	EndGlobalSection
	GlobalSection(SolutionProperties) = preSolution
		HideSolutionNode = FALSE
	EndGlobalSection
	GlobalSection(ExtensibilityGlobals) = postSolution
		SolutionGuid = {A1CCEF70-3A96-42E0-9FFF-9212DE012E4D}
	EndGlobalSection
EndGlobal
